{'remote', 'https', 'rubygems', 'specs', 'coderay', 'colorize', 'domain_name', 'http', 'cookie', 'mechanize', 'mime', 'types', 'digest_auth', 'persistent', 'nokogiri', 'ntlm', 'webrobots', 'method_source', 'mini_portile2', 'slop', 'rack', 'unf_ext', 'PLATFORMS', 'ruby', 'DEPENDENCIES', 'BUNDLED', 'WITH'}
